{
  "requires": true,
  "lockfileVersion": 1,
  "dependencies": {
    "python-shell": {
      "version": "3.0.1",
      "resolved": "https://registry.npmjs.org/python-shell/-/python-shell-3.0.1.tgz",
      "integrity": "sha512-TWeotuxe1auhXa5bGRScxnc2J+0r41NBntSa6RYZtMBLtAEsvCboKrEbW6DvASosWQepVkhZZlT3B5Ei766G+Q=="
    },
    "rapydscript": {
      "version": "0.5.62",
      "resolved": "https://registry.npmjs.org/rapydscript/-/rapydscript-0.5.62.tgz",
      "integrity": "sha512-EQYpb9E+aIDgTFwpLmr1Z4jXop6MD/JSDve20MV/2P1ejWhU9ZwdXHdmYGVNO0ARfn99O6oNk76kgiVVit/07g=="
    }
  }
}
